Microsoft Visual Studio Solution File, Format Version 12.00
# Visual Studio Version 17
VisualStudioVersion = 17.0.31903.59
MinimumVisualStudioVersion = 10.0.40219.1
Project("{FAE04EC0-301F-11D3-BF4B-00C04F79EFBC}") = "PrecisionImageCropper", "src\PrecisionImageCropper\PrecisionImageCropper.csproj", "{1D063D21-E4F3-4FBC-91F1-1DE31DE320B7}"
EndProject
Project("{FAE04EC0-301F-11D3-BF4B-00C04F79EFBC}") = "PrecisionImageCropper.Tests", "tests\PrecisionImageCropper.Tests\PrecisionImageCropper.Tests.csproj", "{EE46018A-70CD-4D2C-8532-496C5B6FA16B}"
EndProject
Global
	GlobalSection(SolutionConfigurationPlatforms) = preSolution
		Debug|Any CPU = Debug|Any CPU
		Release|Any CPU = Release|Any CPU
	EndGlobalSection
	GlobalSection(ProjectConfigurationPlatforms) = postSolution
		{1D063D21-E4F3-4FBC-91F1-1DE31DE320B7}.Debug|Any CPU.ActiveCfg = Debug|Any CPU
		{1D063D21-E4F3-4FBC-91F1-1DE31DE320B7}.Debug|Any CPU.Build.0 = Debug|Any CPU
		{1D063D21-E4F3-4FBC-91F1-1DE31DE320B7}.Release|Any CPU.ActiveCfg = Release|Any CPU
		{1D063D21-E4F3-4FBC-91F1-1DE31DE320B7}.Release|Any CPU.Build.0 = Release|Any CPU
		{EE46018A-70CD-4D2C-8532-496C5B6FA16B}.Debug|Any CPU.ActiveCfg = Debug|Any CPU
		{EE46018A-70CD-4D2C-8532-496C5B6FA16B}.Debug|Any CPU.Build.0 = Debug|Any CPU
		{EE46018A-70CD-4D2C-8532-496C5B6FA16B}.Release|Any CPU.ActiveCfg = Release|Any CPU
		{EE46018A-70CD-4D2C-8532-496C5B6FA16B}.Release|Any CPU.Build.0 = Release|Any CPU
	EndGlobalSection
EndGlobal
